// !$*UTF8*$!
{
	archiveVersion = 1;
	classes = {
	};
	objectVersion = 46;
	objects = {

/* Begin PBXBuildFile section */
		4A963E101AF84C44001FD40E /* AppDelegate.swift in Sources */ = {isa = PBXBuildFile; fileRef = 4A963E0F1AF84C44001FD40E /* AppDelegate.swift */; };
		4A963E121AF84C44001FD40E /* ViewController.swift in Sources */ = {isa = PBXBuildFile; fileRef = 4A963E111AF84C44001FD40E /* ViewController.swift */; };
		4A963E151AF84C44001FD40E /* Main.storyboard in Resources */ = {isa = PBXBuildFile; fileRef = 4A963E131AF84C44001FD40E /* Main.storyboard */; };
		4A963E171AF84C44001FD40E /* Images.xcassets in Resources */ = {isa = PBXBuildFile; fileRef = 4A963E161AF84C44001FD40E /* Images.xcassets */; };
		4A963E1A1AF84C44001FD40E /* LaunchScreen.xib in Resources */ = {isa = PBXBuildFile; fileRef = 4A963E181AF84C44001FD40E /* LaunchScreen.xib */; };
		4A963E261AF84C44001FD40E /* SpoilerFreeTests.swift in Sources */ = {isa = PBXBuildFile; fileRef = 4A963E251AF84C44001FD40E /* SpoilerFreeTests.swift */; };
/* End PBXBuildFile section */

/* Begin PBXContainerItemProxy section */
		4A963E201AF84C44001FD40E /* PBXContainerItemProxy */ = {
			isa = PBXContainerItemProxy;
			containerPortal = 4A963E021AF84C43001FD40E /* Project object */;
			proxyType = 1;
			remoteGlobalIDString = 4A963E091AF84C44001FD40E;
			remoteInfo = SpoilerFree;
		};
/* End PBXContainerItemProxy section */

/* Begin PBXFileReference section */
		4A963E0A1AF84C44001FD40E /* SpoilerFree.app */ = {isa = PBXFileReference; explicitFileType = wrapper.application; includeInIndex = 0; path = SpoilerFree.app; sourceTree = BUILT_PRODUCTS_DIR; };
		4A963E0E1AF84C44001FD40E /* Info.plist */ = {isa = PBXFileReference; lastKnownFileType = text.plist.xml; path = Info.plist; sourceTree = "<group>"; };
		4A963E0F1AF84C44001FD40E /* AppDelegate.swift */ = {isa = PBXFileReference; lastKnownFileType = sourcecode.swift; path = AppDelegate.swift; sourceTree = "<group>"; };
		4A963E111AF84C44001FD40E /* ViewController.swift */ = {isa = PBXFileReference; lastKnownFileType = sourcecode.swift; path = ViewController.swift; sourceTree = "<group>"; };
		4A963E141AF84C44001FD40E /* Base */ = {isa = PBXFileReference; lastKnownFileType = file.storyboard; name = Base; path = Base.lproj/Main.storyboard; sourceTree = "<group>"; };
		4A963E161AF84C44001FD40E /* Images.xcassets */ = {isa = PBXFileReference; lastKnownFileType = folder.assetcatalog; path = Images.xcassets; sourceTree = "<group>"; };
		4A963E191AF84C44001FD40E /* Base */ = {isa = PBXFileReference; lastKnownFileType = file.xib; name = Base; path = Base.lproj/LaunchScreen.xib; sourceTree = "<group>"; };
		4A963E1F1AF84C44001FD40E /* SpoilerFreeTests.xctest */ = {isa = PBXFileReference; explicitFileType = wrapper.cfbundle; includeInIndex = 0; path = SpoilerFreeTests.xctest; sourceTree = BUILT_PRODUCTS_DIR; };
		4A963E241AF84C44001FD40E /* Info.plist */ = {isa = PBXFileReference; lastKnownFileType = text.plist.xml; path = Info.plist; sourceTree = "<group>"; };
		4A963E251AF84C44001FD40E /* SpoilerFreeTests.swift */ = {isa = PBXFileReference; lastKnownFileType = sourcecode.swift; path = SpoilerFreeTests.swift; sourceTree = "<group>"; };
/* End PBXFileReference section */

/* Begin PBXFrameworksBuildPhase section */
		4A963E071AF84C44001FD40E /* Frameworks */ = {
			isa = PBXFrameworksBuildPhase;
			buildActionMask = 2147483647;
			files = (
			);
			runOnlyForDeploymentPostprocessing = 0;
		};
		4A963E1C1AF84C44001FD40E /* Frameworks */ = {
			isa = PBXFrameworksBuildPhase;
			buildActionMask = 2147483647;
			files = (
			);
			runOnlyForDeploymentPostprocessing = 0;
		};
/* End PBXFrameworksBuildPhase section */

/* Begin PBXGroup section */
		4A963E011AF84C43001FD40E = {
			isa = PBXGroup;
			children = (
				4A963E0C1AF84C44001FD40E /* SpoilerFree */,
				4A963E221AF84C44001FD40E /* SpoilerFreeTests */,
				4A963E0B1AF84C44001FD40E /* Products */,
			);
			sourceTree = "<group>";
		};
		4A963E0B1AF84C44001FD40E /* Products */ = {
			isa = PBXGroup;
			children = (
				4A963E0A1AF84C44001FD40E /* SpoilerFree.app */,
				4A963E1F1AF84C44001FD40E /* SpoilerFreeTests.xctest */,
			);
			name = Products;
			sourceTree = "<group>";
		};
		4A963E0C1AF84C44001FD40E /* SpoilerFree */ = {
			isa = PBXGroup;
			children = (
				4A963E0F1AF84C44001FD40E /* AppDelegate.swift */,
				4A963E111AF84C44001FD40E /* ViewController.swift */,
				4A963E131AF84C44001FD40E /* Main.storyboard */,
				4A963E161AF84C44001FD40E /* Images.xcassets */,
				4A963E181AF84C44001FD40E /* LaunchScreen.xib */,
				4A963E0D1AF84C44001FD40E /* Supporting Files */,
			);
			path = SpoilerFree;
			sourceTree = "<group>";
		};
		4A963E0D1AF84C44001FD40E /* Supporting Files */ = {
			isa = PBXGroup;
			children = (
				4A963E0E1AF84C44001FD40E /* Info.plist */,
			);
			name = "Supporting Files";
			sourceTree = "<group>";
		};
		4A963E221AF84C44001FD40E /* SpoilerFreeTests */ = {
			isa = PBXGroup;
			children = (
				4A963E251AF84C44001FD40E /* SpoilerFreeTests.swift */,
				4A963E231AF84C44001FD40E /* Supporting Files */,
			);
			path = SpoilerFreeTests;
			sourceTree = "<group>";
		};
		4A963E231AF84C44001FD40E /* Supporting Files */ = {
			isa = PBXGroup;
			children = (
				4A963E241AF84C44001FD40E /* Info.plist */,
			);
			name = "Supporting Files";
			sourceTree = "<group>";
		};
/* End PBXGroup section */

/* Begin PBXNativeTarget section */
		4A963E091AF84C44001FD40E /* SpoilerFree */ = {
			isa = PBXNativeTarget;
			buildConfigurationList = 4A963E291AF84C44001FD40E /* Build configuration list for PBXNativeTarget "SpoilerFree" */;
			buildPhases = (
				4A963E061AF84C44001FD40E /* Sources */,
				4A963E071AF84C44001FD40E /* Frameworks */,
				4A963E081AF84C44001FD40E /* Resources */,
			);
			buildRules = (
			);
			dependencies = (
			);
			name = SpoilerFree;
			productName = SpoilerFree;
			productReference = 4A963E0A1AF84C44001FD40E /* SpoilerFree.app */;
			productType = "com.apple.product-type.application";
		};
		4A963E1E1AF84C44001FD40E /* SpoilerFreeTests */ = {
			isa = PBXNativeTarget;
			buildConfigurationList = 4A963E2C1AF84C44001FD40E /* Build configuration list for PBXNativeTarget "SpoilerFreeTests" */;
			buildPhases = (
				4A963E1B1AF84C44001FD40E /* Sources */,
				4A963E1C1AF84C44001FD40E /* Frameworks */,
				4A963E1D1AF84C44001FD40E /* Resources */,
			);
			buildRules = (
			);
			dependencies = (
				4A963E211AF84C44001FD40E /* PBXTargetDependency */,
			);
			name = SpoilerFreeTests;
			productName = SpoilerFreeTests;
			productReference = 4A963E1F1AF84C44001FD40E /* SpoilerFreeTests.xctest */;
			productType = "com.apple.product-type.bundle.unit-test";
		};
/* End PBXNativeTarget section */

/* Begin PBXProject section */
		4A963E021AF84C43001FD40E /* Project object */ = {
			isa = PBXProject;
			attributes = {
				LastUpgradeCheck = 0630;
				ORGANIZATIONNAME = PDice;
				TargetAttributes = {
					4A963E091AF84C44001FD40E = {
						CreatedOnToolsVersion = 6.3;
					};
					4A963E1E1AF84C44001FD40E = {
						CreatedOnToolsVersion = 6.3;
						TestTargetID = 4A963E091AF84C44001FD40E;
					};
				};
			};
			buildConfigurationList = 4A963E051AF84C43001FD40E /* Build configuration list for PBXProject "SpoilerFree" */;
			compatibilityVersion = "Xcode 3.2";
			developmentRegion = English;
			hasScannedForEncodings = 0;
			knownRegions = (
				en,
				Base,
			);
			mainGroup = 4A963E011AF84C43001FD40E;
			productRefGroup = 4A963E0B1AF84C44001FD40E /* Products */;
			projectDirPath = "";
			projectRoot = "";
			targets = (
				4A963E091AF84C44001FD40E /* SpoilerFree */,
				4A963E1E1AF84C44001FD40E /* SpoilerFreeTests */,
			);
		};
/* End PBXProject section */

/* Begin PBXResourcesBuildPhase section */
		4A963E081AF84C44001FD40E /* Resources */ = {
			isa = PBXResourcesBuildPhase;
			buildActionMask = 2147483647;
			files = (
				4A963E151AF84C44001FD40E /* Main.storyboard in Resources */,
				4A963E1A1AF84C44001FD40E /* LaunchScreen.xib in Resources */,
				4A963E171AF84C44001FD40E /* Images.xcassets in Resources */,
			);
			runOnlyForDeploymentPostprocessing = 0;
		};
		4A963E1D1AF84C44001FD40E /* Resources */ = {
			isa = PBXResourcesBuildPhase;
			buildActionMask = 2147483647;
			files = (
			);
			runOnlyForDeploymentPostprocessing = 0;
		};
/* End PBXResourcesBuildPhase section */

/* Begin PBXSourcesBuildPhase section */
		4A963E061AF84C44001FD40E /* Sources */ = {
			isa = PBXSourcesBuildPhase;
			buildActionMask = 2147483647;
			files = (
				4A963E121AF84C44001FD40E /* ViewController.swift in Sources */,
				4A963E101AF84C44001FD40E /* AppDelegate.swift in Sources */,
			);
			runOnlyForDeploymentPostprocessing = 0;
		};
		4A963E1B1AF84C44001FD40E /* Sources */ = {
			isa = PBXSourcesBuildPhase;
			buildActionMask = 2147483647;
			files = (
				4A963E261AF84C44001FD40E /* SpoilerFreeTests.swift in Sources */,
			);
			runOnlyForDeploymentPostprocessing = 0;
		};
/* End PBXSourcesBuildPhase section */

/* Begin PBXTargetDependency section */
		4A963E211AF84C44001FD40E /* PBXTargetDependency */ = {
			isa = PBXTargetDependency;
			target = 4A963E091AF84C44001FD40E /* SpoilerFree */;
			targetProxy = 4A963E201AF84C44001FD40E /* PBXContainerItemProxy */;
		};
/* End PBXTargetDependency section */

/* Begin PBXVariantGroup section */
		4A963E131AF84C44001FD40E /* Main.storyboard */ = {
			isa = PBXVariantGroup;
			children = (
				4A963E141AF84C44001FD40E /* Base */,
			);
			name = Main.storyboard;
			sourceTree = "<group>";
		};
		4A963E181AF84C44001FD40E /* LaunchScreen.xib */ = {
			isa = PBXVariantGroup;
			children = (
				4A963E191AF84C44001FD40E /* Base */,
			);
			name = LaunchScreen.xib;
			sourceTree = "<group>";
		};
/* End PBXVariantGroup section */

/* Begin XCBuildConfiguration section */
		4A963E271AF84C44001FD40E /* Debug */ = {
			isa = XCBuildConfiguration;
			buildSettings = {
				ALWAYS_SEARCH_USER_PATHS = NO;
				CLANG_CXX_LANGUAGE_STANDARD = "gnu++0x";
				CLANG_CXX_LIBRARY = "libc++";
				CLANG_ENABLE_MODULES = YES;
				CLANG_ENABLE_OBJC_ARC = YES;
				CLANG_WARN_BOOL_CONVERSION = YES;
				CLANG_WARN_CONSTANT_CONVERSION = YES;
				CLANG_WARN_DIRECT_OBJC_ISA_USAGE = YES_ERROR;
				CLANG_WARN_EMPTY_BODY = YES;
				CLANG_WARN_ENUM_CONVERSION = YES;
				CLANG_WARN_INT_CONVERSION = YES;
				CLANG_WARN_OBJC_ROOT_CLASS = YES_ERROR;
				CLANG_WARN_UNREACHABLE_CODE = YES;
				CLANG_WARN__DUPLICATE_METHOD_MATCH = YES;
				"CODE_SIGN_IDENTITY[sdk=iphoneos*]" = "iPhone Developer";
				COPY_PHASE_STRIP = NO;
				DEBUG_INFORMATION_FORMAT = "dwarf-with-dsym";
				ENABLE_STRICT_OBJC_MSGSEND = YES;
				GCC_C_LANGUAGE_STANDARD = gnu99;
				GCC_DYNAMIC_NO_PIC = NO;
				GCC_NO_COMMON_BLOCKS = YES;
				GCC_OPTIMIZATION_LEVEL = 0;
				GCC_PREPROCESSOR_DEFINITIONS = (
					"DEBUG=1",
					"$(inherited)",
				);
				GCC_SYMBOLS_PRIVATE_EXTERN = NO;
				GCC_WARN_64_TO_32_BIT_CONVERSION = YES;
				GCC_WARN_ABOUT_RETURN_TYPE = YES_ERROR;
				GCC_WARN_UNDECLARED_SELECTOR = YES;
				GCC_WARN_UNINITIALIZED_AUTOS = YES_AGGRESSIVE;
				GCC_WARN_UNUSED_FUNCTION = YES;
				GCC_WARN_UNUSED_VARIABLE = YES;
				IPHONEOS_DEPLOYMENT_TARGET = 8.3;
				MTL_ENABLE_DEBUG_INFO = YES;
				ONLY_ACTIVE_ARCH = YES;
				SDKROOT = iphoneos;
				SWIFT_OPTIMIZATION_LEVEL = "-Onone";
			};
			name = Debug;
		};
		4A963E281AF84C44001FD40E /* Release */ = {
			isa = XCBuildConfiguration;
			buildSettings = {
				ALWAYS_SEARCH_USER_PATHS = NO;
				CLANG_CXX_LANGUAGE_STANDARD = "gnu++0x";
				CLANG_CXX_LIBRARY = "libc++";
				CLANG_ENABLE_MODULES = YES;
				CLANG_ENABLE_OBJC_ARC = YES;
				CLANG_WARN_BOOL_CONVERSION = YES;
				CLANG_WARN_CONSTANT_CONVERSION = YES;
				CLANG_WARN_DIRECT_OBJC_ISA_USAGE = YES_ERROR;
				CLANG_WARN_EMPTY_BODY = YES;
				CLANG_WARN_ENUM_CONVERSION = YES;
				CLANG_WARN_INT_CONVERSION = YES;
				CLANG_WARN_OBJC_ROOT_CLASS = YES_ERROR;
				CLANG_WARN_UNREACHABLE_CODE = YES;
				CLANG_WARN__DUPLICATE_METHOD_MATCH = YES;
				"CODE_SIGN_IDENTITY[sdk=iphoneos*]" = "iPhone Developer";
				COPY_PHASE_STRIP = NO;
				DEBUG_INFORMATION_FORMAT = "dwarf-with-dsym";
				ENABLE_NS_ASSERTIONS = NO;
				ENABLE_STRICT_OBJC_MSGSEND = YES;
				GCC_C_LANGUAGE_STANDARD = gnu99;
				GCC_NO_COMMON_BLOCKS = YES;
				GCC_WARN_64_TO_32_BIT_CONVERSION = YES;
				GCC_WARN_ABOUT_RETURN_TYPE = YES_ERROR;
				GCC_WARN_UNDECLARED_SELECTOR = YES;
				GCC_WARN_UNINITIALIZED_AUTOS = YES_AGGRESSIVE;
				GCC_WARN_UNUSED_FUNCTION = YES;
				GCC_WARN_UNUSED_VARIABLE = YES;
				IPHONEOS_DEPLOYMENT_TARGET = 8.3;
				MTL_ENABLE_DEBUG_INFO = NO;
				SDKROOT = iphoneos;
				VALIDATE_PRODUCT = YES;
			};
			name = Release;
		};
		4A963E2A1AF84C44001FD40E /* Debug */ = {
			isa = XCBuildConfiguration;
			buildSettings = {
				ASSETCATALOG_COMPILER_APPICON_NAME = AppIcon;
				INFOPLIST_FILE = SpoilerFree/Info.plist;
				LD_RUNPATH_SEARCH_PATHS = "$(inherited) @executable_path/Frameworks";
				PRODUCT_NAME = "$(TARGET_NAME)";
			};
			name = Debug;
		};
		4A963E2B1AF84C44001FD40E /* Release */ = {
			isa = XCBuildConfiguration;
			buildSettings = {
				ASSETCATALOG_COMPILER_APPICON_NAME = AppIcon;
				INFOPLIST_FILE = SpoilerFree/Info.plist;
				LD_RUNPATH_SEARCH_PATHS = "$(inherited) @executable_path/Frameworks";
				PRODUCT_NAME = "$(TARGET_NAME)";
			};
			name = Release;
		};
		4A963E2D1AF84C44001FD40E /* Debug */ = {
			isa = XCBuildConfiguration;
			buildSettings = {
				BUNDLE_LOADER = "$(TEST_HOST)";
				FRAMEWORK_SEARCH_PATHS = (
					"$(SDKROOT)/Developer/Library/Frameworks",
					"$(inherited)",
				);
				GCC_PREPROCESSOR_DEFINITIONS = (
					"DEBUG=1",
					"$(inherited)",
				);
				INFOPLIST_FILE = SpoilerFreeTests/Info.plist;
				LD_RUNPATH_SEARCH_PATHS = "$(inherited) @executable_path/Frameworks @loader_path/Frameworks";
				PRODUCT_NAME = "$(TARGET_NAME)";
				TEST_HOST = "$(BUILT_PRODUCTS_DIR)/SpoilerFree.app/SpoilerFree";
			};
			name = Debug;
		};
		4A963E2E1AF84C44001FD40E /* Release */ = {
			isa = XCBuildConfiguration;
			buildSettings = {
				BUNDLE_LOADER = "$(TEST_HOST)";
				FRAMEWORK_SEARCH_PATHS = (
					"$(SDKROOT)/Developer/Library/Frameworks",
					"$(inherited)",
				);
				INFOPLIST_FILE = SpoilerFreeTests/Info.plist;
				LD_RUNPATH_SEARCH_PATHS = "$(inherited) @executable_path/Frameworks @loader_path/Frameworks";
				PRODUCT_NAME = "$(TARGET_NAME)";
				TEST_HOST = "$(BUILT_PRODUCTS_DIR)/SpoilerFree.app/SpoilerFree";
			};
			name = Release;
		};
/* End XCBuildConfiguration section */

/* Begin XCConfigurationList section */
		4A963E051AF84C43001FD40E /* Build configuration list for PBXProject "SpoilerFree" */ = {
			isa = XCConfigurationList;
			buildConfigurations = (
				4A963E271AF84C44001FD40E /* Debug */,
				4A963E281AF84C44001FD40E /* Release */,
			);
			defaultConfigurationIsVisible = 0;
			defaultConfigurationName = Release;
		};
		4A963E291AF84C44001FD40E /* Build configuration list for PBXNativeTarget "SpoilerFree" */ = {
			isa = XCConfigurationList;
			buildConfigurations = (
				4A963E2A1AF84C44001FD40E /* Debug */,
				4A963E2B1AF84C44001FD40E /* Release */,
			);
			defaultConfigurationIsVisible = 0;
		};
		4A963E2C1AF84C44001FD40E /* Build configuration list for PBXNativeTarget "SpoilerFreeTests" */ = {
			isa = XCConfigurationList;
			buildConfigurations = (
				4A963E2D1AF84C44001FD40E /* Debug */,
				4A963E2E1AF84C44001FD40E /* Release */,
			);
			defaultConfigurationIsVisible = 0;
		};
/* End XCConfigurationList section */
	};
	rootObject = 4A963E021AF84C43001FD40E /* Project object */;
}
